// !$*UTF8*$!
{
	archiveVersion = 1;
	classes = {
	};
	objectVersion = 55;
	objects = {

/* Begin PBXBuildFile section */
		DE33E4DC28C037FB00F3BF9C /* Sample.swift in Sources */ = {isa = PBXBuildFile; fileRef = DE33E4DB28C037FB00F3BF9C /* Sample.swift */; };
		DE33E4DE28C0484300F3BF9C /* LoginViewController.swift in Sources */ = {isa = PBXBuildFile; fileRef = DE33E4DD28C0484300F3BF9C /* LoginViewController.swift */; };
		DE33E4E028C04A0400F3BF9C /* LoginViewModel.swift in Sources */ = {isa = PBXBuildFile; fileRef = DE33E4DF28C04A0400F3BF9C /* LoginViewModel.swift */; };
		DE37D83828C05AFB008ACC48 /* LottoViewController.swift in Sources */ = {isa = PBXBuildFile; fileRef = DE37D83728C05AFB008ACC48 /* LottoViewController.swift */; };
		DE3B629D28BD94E400D190A3 /* AppDelegate.swift in Sources */ = {isa = PBXBuildFile; fileRef = DE3B629C28BD94E400D190A3 /* AppDelegate.swift */; };
		DE3B629F28BD94E400D190A3 /* SceneDelegate.swift in Sources */ = {isa = PBXBuildFile; fileRef = DE3B629E28BD94E400D190A3 /* SceneDelegate.swift */; };
		DE3B62A128BD94E400D190A3 /* ViewController.swift in Sources */ = {isa = PBXBuildFile; fileRef = DE3B62A028BD94E400D190A3 /* ViewController.swift */; };
		DE3B62A428BD94E400D190A3 /* Main.storyboard in Resources */ = {isa = PBXBuildFile; fileRef = DE3B62A228BD94E400D190A3 /* Main.storyboard */; };
		DE3B62A628BD94E600D190A3 /* Assets.xcassets in Resources */ = {isa = PBXBuildFile; fileRef = DE3B62A528BD94E600D190A3 /* Assets.xcassets */; };
		DE3B62A928BD94E600D190A3 /* LaunchScreen.storyboard in Resources */ = {isa = PBXBuildFile; fileRef = DE3B62A728BD94E600D190A3 /* LaunchScreen.storyboard */; };
		DE3B62B228BD94F700D190A3 /* LottoAPIManager.swift in Sources */ = {isa = PBXBuildFile; fileRef = DE3B62B128BD94F700D190A3 /* LottoAPIManager.swift */; };
		DE3B62B428BD9BB400D190A3 /* Lotto.swift in Sources */ = {isa = PBXBuildFile; fileRef = DE3B62B328BD9BB400D190A3 /* Lotto.swift */; };
		DE3B62B728BDA72C00D190A3 /* PersonAPIManager.swift in Sources */ = {isa = PBXBuildFile; fileRef = DE3B62B628BDA72C00D190A3 /* PersonAPIManager.swift */; };
		DE3B62BA28BDA88200D190A3 /* Person.swift in Sources */ = {isa = PBXBuildFile; fileRef = DE3B62B928BDA88200D190A3 /* Person.swift */; };
		DE3B62BC28BDB75E00D190A3 /* URLSession+Extension.swift in Sources */ = {isa = PBXBuildFile; fileRef = DE3B62BB28BDB75E00D190A3 /* URLSession+Extension.swift */; };
		DE45A36228C05C1D0043ADB6 /* LottoViewModel.swift in Sources */ = {isa = PBXBuildFile; fileRef = DE45A36128C05C1D0043ADB6 /* LottoViewModel.swift */; };
		DEAE201C28BEF8CB00FC470C /* Observable.swift in Sources */ = {isa = PBXBuildFile; fileRef = DEAE201B28BEF8CB00FC470C /* Observable.swift */; };
		DEAE201E28BEFC0B00FC470C /* PersonViewModel.swift in Sources */ = {isa = PBXBuildFile; fileRef = DEAE201D28BEFC0B00FC470C /* PersonViewModel.swift */; };
/* End PBXBuildFile section */

/* Begin PBXFileReference section */
		DE33E4DB28C037FB00F3BF9C /* Sample.swift */ = {isa = PBXFileReference; lastKnownFileType = sourcecode.swift; path = Sample.swift; sourceTree = "<group>"; };
		DE33E4DD28C0484300F3BF9C /* LoginViewController.swift */ = {isa = PBXFileReference; lastKnownFileType = sourcecode.swift; path = LoginViewController.swift; sourceTree = "<group>"; };
		DE33E4DF28C04A0400F3BF9C /* LoginViewModel.swift */ = {isa = PBXFileReference; lastKnownFileType = sourcecode.swift; path = LoginViewModel.swift; sourceTree = "<group>"; };
		DE37D83728C05AFB008ACC48 /* LottoViewController.swift */ = {isa = PBXFileReference; lastKnownFileType = sourcecode.swift; path = LottoViewController.swift; sourceTree = "<group>"; };
		DE3B629928BD94E400D190A3 /* SeSAC9.app */ = {isa = PBXFileReference; explicitFileType = wrapper.application; includeInIndex = 0; path = SeSAC9.app; sourceTree = BUILT_PRODUCTS_DIR; };
		DE3B629C28BD94E400D190A3 /* AppDelegate.swift */ = {isa = PBXFileReference; lastKnownFileType = sourcecode.swift; path = AppDelegate.swift; sourceTree = "<group>"; };
		DE3B629E28BD94E400D190A3 /* SceneDelegate.swift */ = {isa = PBXFileReference; lastKnownFileType = sourcecode.swift; path = SceneDelegate.swift; sourceTree = "<group>"; };
		DE3B62A028BD94E400D190A3 /* ViewController.swift */ = {isa = PBXFileReference; lastKnownFileType = sourcecode.swift; path = ViewController.swift; sourceTree = "<group>"; };
		DE3B62A328BD94E400D190A3 /* Base */ = {isa = PBXFileReference; lastKnownFileType = file.storyboard; name = Base; path = Base.lproj/Main.storyboard; sourceTree = "<group>"; };
		DE3B62A528BD94E600D190A3 /* Assets.xcassets */ = {isa = PBXFileReference; lastKnownFileType = folder.assetcatalog; path = Assets.xcassets; sourceTree = "<group>"; };
		DE3B62A828BD94E600D190A3 /* Base */ = {isa = PBXFileReference; lastKnownFileType = file.storyboard; name = Base; path = Base.lproj/LaunchScreen.storyboard; sourceTree = "<group>"; };
		DE3B62AA28BD94E600D190A3 /* Info.plist */ = {isa = PBXFileReference; lastKnownFileType = text.plist.xml; path = Info.plist; sourceTree = "<group>"; };
		DE3B62B128BD94F700D190A3 /* LottoAPIManager.swift */ = {isa = PBXFileReference; lastKnownFileType = sourcecode.swift; path = LottoAPIManager.swift; sourceTree = "<group>"; };
		DE3B62B328BD9BB400D190A3 /* Lotto.swift */ = {isa = PBXFileReference; lastKnownFileType = sourcecode.swift; path = Lotto.swift; sourceTree = "<group>"; };
		DE3B62B628BDA72C00D190A3 /* PersonAPIManager.swift */ = {isa = PBXFileReference; lastKnownFileType = sourcecode.swift; path = PersonAPIManager.swift; sourceTree = "<group>"; };
		DE3B62B928BDA88200D190A3 /* Person.swift */ = {isa = PBXFileReference; lastKnownFileType = sourcecode.swift; path = Person.swift; sourceTree = "<group>"; };
		DE3B62BB28BDB75E00D190A3 /* URLSession+Extension.swift */ = {isa = PBXFileReference; lastKnownFileType = sourcecode.swift; path = "URLSession+Extension.swift"; sourceTree = "<group>"; };
		DE45A36128C05C1D0043ADB6 /* LottoViewModel.swift */ = {isa = PBXFileReference; lastKnownFileType = sourcecode.swift; path = LottoViewModel.swift; sourceTree = "<group>"; };
		DEAE201B28BEF8CB00FC470C /* Observable.swift */ = {isa = PBXFileReference; lastKnownFileType = sourcecode.swift; path = Observable.swift; sourceTree = "<group>"; };
		DEAE201D28BEFC0B00FC470C /* PersonViewModel.swift */ = {isa = PBXFileReference; lastKnownFileType = sourcecode.swift; path = PersonViewModel.swift; sourceTree = "<group>"; };
/* End PBXFileReference section */

/* Begin PBXFrameworksBuildPhase section */
		DE3B629628BD94E400D190A3 /* Frameworks */ = {
			isa = PBXFrameworksBuildPhase;
			buildActionMask = 2147483647;
			files = (
			);
			runOnlyForDeploymentPostprocessing = 0;
		};
/* End PBXFrameworksBuildPhase section */

/* Begin PBXGroup section */
		DE33E4E128C04A0A00F3BF9C /* Login */ = {
			isa = PBXGroup;
			children = (
				DE33E4DD28C0484300F3BF9C /* LoginViewController.swift */,
				DE33E4DF28C04A0400F3BF9C /* LoginViewModel.swift */,
			);
			path = Login;
			sourceTree = "<group>";
		};
		DE3B629028BD94E400D190A3 = {
			isa = PBXGroup;
			children = (
				DE3B629B28BD94E400D190A3 /* SeSAC9 */,
				DE3B629A28BD94E400D190A3 /* Products */,
			);
			sourceTree = "<group>";
		};
		DE3B629A28BD94E400D190A3 /* Products */ = {
			isa = PBXGroup;
			children = (
				DE3B629928BD94E400D190A3 /* SeSAC9.app */,
			);
			name = Products;
			sourceTree = "<group>";
		};
		DE3B629B28BD94E400D190A3 /* SeSAC9 */ = {
			isa = PBXGroup;
			children = (
				DE3B62B528BDA71900D190A3 /* Person */,
				DE3B62B028BD94ED00D190A3 /* Lotto */,
				DE3B629C28BD94E400D190A3 /* AppDelegate.swift */,
				DE3B629E28BD94E400D190A3 /* SceneDelegate.swift */,
				DE3B62A028BD94E400D190A3 /* ViewController.swift */,
				DE3B62A228BD94E400D190A3 /* Main.storyboard */,
				DE33E4E128C04A0A00F3BF9C /* Login */,
				DE33E4DB28C037FB00F3BF9C /* Sample.swift */,
				DE3B62A528BD94E600D190A3 /* Assets.xcassets */,
				DE3B62A728BD94E600D190A3 /* LaunchScreen.storyboard */,
				DE3B62AA28BD94E600D190A3 /* Info.plist */,
				DE3B62BB28BDB75E00D190A3 /* URLSession+Extension.swift */,
				DEAE201B28BEF8CB00FC470C /* Observable.swift */,
			);
			path = SeSAC9;
			sourceTree = "<group>";
		};
		DE3B62B028BD94ED00D190A3 /* Lotto */ = {
			isa = PBXGroup;
			children = (
				DE3B62B128BD94F700D190A3 /* LottoAPIManager.swift */,
				DE3B62B328BD9BB400D190A3 /* Lotto.swift */,
				DE45A36128C05C1D0043ADB6 /* LottoViewModel.swift */,
				DE37D83728C05AFB008ACC48 /* LottoViewController.swift */,
			);
			path = Lotto;
			sourceTree = "<group>";
		};
		DE3B62B528BDA71900D190A3 /* Person */ = {
			isa = PBXGroup;
			children = (
				DE3B62B628BDA72C00D190A3 /* PersonAPIManager.swift */,
				DE3B62B928BDA88200D190A3 /* Person.swift */,
				DEAE201D28BEFC0B00FC470C /* PersonViewModel.swift */,
			);
			path = Person;
			sourceTree = "<group>";
		};
/* End PBXGroup section */

/* Begin PBXNativeTarget section */
		DE3B629828BD94E400D190A3 /* SeSAC9 */ = {
			isa = PBXNativeTarget;
			buildConfigurationList = DE3B62AD28BD94E600D190A3 /* Build configuration list for PBXNativeTarget "SeSAC9" */;
			buildPhases = (
				DE3B629528BD94E400D190A3 /* Sources */,
				DE3B629628BD94E400D190A3 /* Frameworks */,
				DE3B629728BD94E400D190A3 /* Resources */,
			);
			buildRules = (
			);
			dependencies = (
			);
			name = SeSAC9;
			productName = SeSAC9;
			productReference = DE3B629928BD94E400D190A3 /* SeSAC9.app */;
			productType = "com.apple.product-type.application";
		};
/* End PBXNativeTarget section */

/* Begin PBXProject section */
		DE3B629128BD94E400D190A3 /* Project object */ = {
			isa = PBXProject;
			attributes = {
				BuildIndependentTargetsInParallel = 1;
				LastSwiftUpdateCheck = 1330;
				LastUpgradeCheck = 1330;
				TargetAttributes = {
					DE3B629828BD94E400D190A3 = {
						CreatedOnToolsVersion = 13.3.1;
					};
				};
			};
			buildConfigurationList = DE3B629428BD94E400D190A3 /* Build configuration list for PBXProject "SeSAC9" */;
			compatibilityVersion = "Xcode 13.0";
			developmentRegion = en;
			hasScannedForEncodings = 0;
			knownRegions = (
				en,
				Base,
			);
			mainGroup = DE3B629028BD94E400D190A3;
			productRefGroup = DE3B629A28BD94E400D190A3 /* Products */;
			projectDirPath = "";
			projectRoot = "";
			targets = (
				DE3B629828BD94E400D190A3 /* SeSAC9 */,
			);
		};
/* End PBXProject section */

/* Begin PBXResourcesBuildPhase section */
		DE3B629728BD94E400D190A3 /* Resources */ = {
			isa = PBXResourcesBuildPhase;
			buildActionMask = 2147483647;
			files = (
				DE3B62A928BD94E600D190A3 /* LaunchScreen.storyboard in Resources */,
				DE3B62A628BD94E600D190A3 /* Assets.xcassets in Resources */,
				DE3B62A428BD94E400D190A3 /* Main.storyboard in Resources */,
			);
			runOnlyForDeploymentPostprocessing = 0;
		};
/* End PBXResourcesBuildPhase section */

/* Begin PBXSourcesBuildPhase section */
		DE3B629528BD94E400D190A3 /* Sources */ = {
			isa = PBXSourcesBuildPhase;
			buildActionMask = 2147483647;
			files = (
				DE33E4DE28C0484300F3BF9C /* LoginViewController.swift in Sources */,
				DE3B62A128BD94E400D190A3 /* ViewController.swift in Sources */,
				DEAE201E28BEFC0B00FC470C /* PersonViewModel.swift in Sources */,
				DE37D83828C05AFB008ACC48 /* LottoViewController.swift in Sources */,
				DE3B62B428BD9BB400D190A3 /* Lotto.swift in Sources */,
				DE45A36228C05C1D0043ADB6 /* LottoViewModel.swift in Sources */,
				DE3B629D28BD94E400D190A3 /* AppDelegate.swift in Sources */,
				DE3B62B728BDA72C00D190A3 /* PersonAPIManager.swift in Sources */,
				DEAE201C28BEF8CB00FC470C /* Observable.swift in Sources */,
				DE3B62BC28BDB75E00D190A3 /* URLSession+Extension.swift in Sources */,
				DE33E4E028C04A0400F3BF9C /* LoginViewModel.swift in Sources */,
				DE3B62BA28BDA88200D190A3 /* Person.swift in Sources */,
				DE3B629F28BD94E400D190A3 /* SceneDelegate.swift in Sources */,
				DE33E4DC28C037FB00F3BF9C /* Sample.swift in Sources */,
				DE3B62B228BD94F700D190A3 /* LottoAPIManager.swift in Sources */,
			);
			runOnlyForDeploymentPostprocessing = 0;
		};
/* End PBXSourcesBuildPhase section */

/* Begin PBXVariantGroup section */
		DE3B62A228BD94E400D190A3 /* Main.storyboard */ = {
			isa = PBXVariantGroup;
			children = (
				DE3B62A328BD94E400D190A3 /* Base */,
			);
			name = Main.storyboard;
			sourceTree = "<group>";
		};
		DE3B62A728BD94E600D190A3 /* LaunchScreen.storyboard */ = {
			isa = PBXVariantGroup;
			children = (
				DE3B62A828BD94E600D190A3 /* Base */,
			);
			name = LaunchScreen.storyboard;
			sourceTree = "<group>";
		};
/* End PBXVariantGroup section */

/* Begin XCBuildConfiguration section */
		DE3B62AB28BD94E600D190A3 /* Debug */ = {
			isa = XCBuildConfiguration;
			buildSettings = {
				ALWAYS_SEARCH_USER_PATHS = NO;
				CLANG_ANALYZER_NONNULL = YES;
				CLANG_ANALYZER_NUMBER_OBJECT_CONVERSION = YES_AGGRESSIVE;
				CLANG_CXX_LANGUAGE_STANDARD = "gnu++17";
				CLANG_ENABLE_MODULES = YES;
				CLANG_ENABLE_OBJC_ARC = YES;
				CLANG_ENABLE_OBJC_WEAK = YES;
				CLANG_WARN_BLOCK_CAPTURE_AUTORELEASING = YES;
				CLANG_WARN_BOOL_CONVERSION = YES;
				CLANG_WARN_COMMA = YES;
				CLANG_WARN_CONSTANT_CONVERSION = YES;
				CLANG_WARN_DEPRECATED_OBJC_IMPLEMENTATIONS = YES;
				CLANG_WARN_DIRECT_OBJC_ISA_USAGE = YES_ERROR;
				CLANG_WARN_DOCUMENTATION_COMMENTS = YES;
				CLANG_WARN_EMPTY_BODY = YES;
				CLANG_WARN_ENUM_CONVERSION = YES;
				CLANG_WARN_INFINITE_RECURSION = YES;
				CLANG_WARN_INT_CONVERSION = YES;
				CLANG_WARN_NON_LITERAL_NULL_CONVERSION = YES;
				CLANG_WARN_OBJC_IMPLICIT_RETAIN_SELF = YES;
				CLANG_WARN_OBJC_LITERAL_CONVERSION = YES;
				CLANG_WARN_OBJC_ROOT_CLASS = YES_ERROR;
				CLANG_WARN_QUOTED_INCLUDE_IN_FRAMEWORK_HEADER = YES;
				CLANG_WARN_RANGE_LOOP_ANALYSIS = YES;
				CLANG_WARN_STRICT_PROTOTYPES = YES;
				CLANG_WARN_SUSPICIOUS_MOVE = YES;
				CLANG_WARN_UNGUARDED_AVAILABILITY = YES_AGGRESSIVE;
				CLANG_WARN_UNREACHABLE_CODE = YES;
				CLANG_WARN__DUPLICATE_METHOD_MATCH = YES;
				COPY_PHASE_STRIP = NO;
				DEBUG_INFORMATION_FORMAT = dwarf;
				ENABLE_STRICT_OBJC_MSGSEND = YES;
				ENABLE_TESTABILITY = YES;
				GCC_C_LANGUAGE_STANDARD = gnu11;
				GCC_DYNAMIC_NO_PIC = NO;
				GCC_NO_COMMON_BLOCKS = YES;
				GCC_OPTIMIZATION_LEVEL = 0;
				GCC_PREPROCESSOR_DEFINITIONS = (
					"DEBUG=1",
					"$(inherited)",
				);
				GCC_WARN_64_TO_32_BIT_CONVERSION = YES;
				GCC_WARN_ABOUT_RETURN_TYPE = YES_ERROR;
				GCC_WARN_UNDECLARED_SELECTOR = YES;
				GCC_WARN_UNINITIALIZED_AUTOS = YES_AGGRESSIVE;
				GCC_WARN_UNUSED_FUNCTION = YES;
				GCC_WARN_UNUSED_VARIABLE = YES;
				IPHONEOS_DEPLOYMENT_TARGET = 15.4;
				MTL_ENABLE_DEBUG_INFO = INCLUDE_SOURCE;
				MTL_FAST_MATH = YES;
				ONLY_ACTIVE_ARCH = YES;
				SDKROOT = iphoneos;
				SWIFT_ACTIVE_COMPILATION_CONDITIONS = DEBUG;
				SWIFT_OPTIMIZATION_LEVEL = "-Onone";
			};
			name = Debug;
		};
		DE3B62AC28BD94E600D190A3 /* Release */ = {
			isa = XCBuildConfiguration;
			buildSettings = {
				ALWAYS_SEARCH_USER_PATHS = NO;
				CLANG_ANALYZER_NONNULL = YES;
				CLANG_ANALYZER_NUMBER_OBJECT_CONVERSION = YES_AGGRESSIVE;
				CLANG_CXX_LANGUAGE_STANDARD = "gnu++17";
				CLANG_ENABLE_MODULES = YES;
				CLANG_ENABLE_OBJC_ARC = YES;
				CLANG_ENABLE_OBJC_WEAK = YES;
				CLANG_WARN_BLOCK_CAPTURE_AUTORELEASING = YES;
				CLANG_WARN_BOOL_CONVERSION = YES;
				CLANG_WARN_COMMA = YES;
				CLANG_WARN_CONSTANT_CONVERSION = YES;
				CLANG_WARN_DEPRECATED_OBJC_IMPLEMENTATIONS = YES;
				CLANG_WARN_DIRECT_OBJC_ISA_USAGE = YES_ERROR;
				CLANG_WARN_DOCUMENTATION_COMMENTS = YES;
				CLANG_WARN_EMPTY_BODY = YES;
				CLANG_WARN_ENUM_CONVERSION = YES;
				CLANG_WARN_INFINITE_RECURSION = YES;
				CLANG_WARN_INT_CONVERSION = YES;
				CLANG_WARN_NON_LITERAL_NULL_CONVERSION = YES;
				CLANG_WARN_OBJC_IMPLICIT_RETAIN_SELF = YES;
				CLANG_WARN_OBJC_LITERAL_CONVERSION = YES;
				CLANG_WARN_OBJC_ROOT_CLASS = YES_ERROR;
				CLANG_WARN_QUOTED_INCLUDE_IN_FRAMEWORK_HEADER = YES;
				CLANG_WARN_RANGE_LOOP_ANALYSIS = YES;
				CLANG_WARN_STRICT_PROTOTYPES = YES;
				CLANG_WARN_SUSPICIOUS_MOVE = YES;
				CLANG_WARN_UNGUARDED_AVAILABILITY = YES_AGGRESSIVE;
				CLANG_WARN_UNREACHABLE_CODE = YES;
				CLANG_WARN__DUPLICATE_METHOD_MATCH = YES;
				COPY_PHASE_STRIP = NO;
				DEBUG_INFORMATION_FORMAT = "dwarf-with-dsym";
				ENABLE_NS_ASSERTIONS = NO;
				ENABLE_STRICT_OBJC_MSGSEND = YES;
				GCC_C_LANGUAGE_STANDARD = gnu11;
				GCC_NO_COMMON_BLOCKS = YES;
				GCC_WARN_64_TO_32_BIT_CONVERSION = YES;
				GCC_WARN_ABOUT_RETURN_TYPE = YES_ERROR;
				GCC_WARN_UNDECLARED_SELECTOR = YES;
				GCC_WARN_UNINITIALIZED_AUTOS = YES_AGGRESSIVE;
				GCC_WARN_UNUSED_FUNCTION = YES;
				GCC_WARN_UNUSED_VARIABLE = YES;
				IPHONEOS_DEPLOYMENT_TARGET = 15.4;
				MTL_ENABLE_DEBUG_INFO = NO;
				MTL_FAST_MATH = YES;
				SDKROOT = iphoneos;
				SWIFT_COMPILATION_MODE = wholemodule;
				SWIFT_OPTIMIZATION_LEVEL = "-O";
				VALIDATE_PRODUCT = YES;
			};
			name = Release;
		};
		DE3B62AE28BD94E600D190A3 /* Debug */ = {
			isa = XCBuildConfiguration;
			buildSettings = {
				ASSETCATALOG_COMPILER_APPICON_NAME = AppIcon;
				ASSETCATALOG_COMPILER_GLOBAL_ACCENT_COLOR_NAME = AccentColor;
				CODE_SIGN_STYLE = Automatic;
				CURRENT_PROJECT_VERSION = 1;
				DEVELOPMENT_TEAM = DV7XBU83N5;
				GENERATE_INFOPLIST_FILE = YES;
				INFOPLIST_FILE = SeSAC9/Info.plist;
				INFOPLIST_KEY_UIApplicationSupportsIndirectInputEvents = YES;
				INFOPLIST_KEY_UILaunchStoryboardName = LaunchScreen;
				INFOPLIST_KEY_UIMainStoryboardFile = Main;
				INFOPLIST_KEY_UISupportedInterfaceOrientations_iPad = "UIInterfaceOrientationPortrait UIInterfaceOrientationPortraitUpsideDown UIInterfaceOrientationLandscapeLeft UIInterfaceOrientationLandscapeRight";
				INFOPLIST_KEY_UISupportedInterfaceOrientations_iPhone = "UIInterfaceOrientationPortrait UIInterfaceOrientationLandscapeLeft UIInterfaceOrientationLandscapeRight";
				LD_RUNPATH_SEARCH_PATHS = (
					"$(inherited)",
					"@executable_path/Frameworks",
				);
				MARKETING_VERSION = 1.0;
				PRODUCT_BUNDLE_IDENTIFIER = com.sesac.SeSAC9;
				PRODUCT_NAME = "$(TARGET_NAME)";
				SWIFT_EMIT_LOC_STRINGS = YES;
				SWIFT_VERSION = 5.0;
				TARGETED_DEVICE_FAMILY = "1,2";
			};
			name = Debug;
		};
		DE3B62AF28BD94E600D190A3 /* Release */ = {
			isa = XCBuildConfiguration;
			buildSettings = {
				ASSETCATALOG_COMPILER_APPICON_NAME = AppIcon;
				ASSETCATALOG_COMPILER_GLOBAL_ACCENT_COLOR_NAME = AccentColor;
				CODE_SIGN_STYLE = Automatic;
				CURRENT_PROJECT_VERSION = 1;
				DEVELOPMENT_TEAM = DV7XBU83N5;
				GENERATE_INFOPLIST_FILE = YES;
				INFOPLIST_FILE = SeSAC9/Info.plist;
				INFOPLIST_KEY_UIApplicationSupportsIndirectInputEvents = YES;
				INFOPLIST_KEY_UILaunchStoryboardName = LaunchScreen;
				INFOPLIST_KEY_UIMainStoryboardFile = Main;
				INFOPLIST_KEY_UISupportedInterfaceOrientations_iPad = "UIInterfaceOrientationPortrait UIInterfaceOrientationPortraitUpsideDown UIInterfaceOrientationLandscapeLeft UIInterfaceOrientationLandscapeRight";
				INFOPLIST_KEY_UISupportedInterfaceOrientations_iPhone = "UIInterfaceOrientationPortrait UIInterfaceOrientationLandscapeLeft UIInterfaceOrientationLandscapeRight";
				LD_RUNPATH_SEARCH_PATHS = (
					"$(inherited)",
					"@executable_path/Frameworks",
				);
				MARKETING_VERSION = 1.0;
				PRODUCT_BUNDLE_IDENTIFIER = com.sesac.SeSAC9;
				PRODUCT_NAME = "$(TARGET_NAME)";
				SWIFT_EMIT_LOC_STRINGS = YES;
				SWIFT_VERSION = 5.0;
				TARGETED_DEVICE_FAMILY = "1,2";
			};
			name = Release;
		};
/* End XCBuildConfiguration section */

/* Begin XCConfigurationList section */
		DE3B629428BD94E400D190A3 /* Build configuration list for PBXProject "SeSAC9" */ = {
			isa = XCConfigurationList;
			buildConfigurations = (
				DE3B62AB28BD94E600D190A3 /* Debug */,
				DE3B62AC28BD94E600D190A3 /* Release */,
			);
			defaultConfigurationIsVisible = 0;
			defaultConfigurationName = Release;
		};
		DE3B62AD28BD94E600D190A3 /* Build configuration list for PBXNativeTarget "SeSAC9" */ = {
			isa = XCConfigurationList;
			buildConfigurations = (
				DE3B62AE28BD94E600D190A3 /* Debug */,
				DE3B62AF28BD94E600D190A3 /* Release */,
			);
			defaultConfigurationIsVisible = 0;
			defaultConfigurationName = Release;
		};
/* End XCConfigurationList section */
	};
	rootObject = DE3B629128BD94E400D190A3 /* Project object */;
}
